
Microsoft Visual Studio Solution File, Format Version 12.00
# Visual Studio Version 17
VisualStudioVersion = 17.6.33723.286
MinimumVisualStudioVersion = 10.0.40219.1
Project("{FAE04EC0-301F-11D3-BF4B-00C04F79EFBC}") = "HTTPServer", "HTTPServer\HTTPServer.csproj", "{FE6D1982-5783-4654-AA68-2E3C1E5D8ABD}"
EndProject
Global
	GlobalSection(SolutionConfigurationPlatforms) = preSolution
		Debug|Any CPU = Debug|Any CPU
		Release|Any CPU = Release|Any CPU
	EndGlobalSection
	GlobalSection(ProjectConfigurationPlatforms) = postSolution
		{FE6D1982-5783-4654-AA68-2E3C1E5D8ABD}.Debug|Any CPU.ActiveCfg = Debug|Any CPU
		{FE6D1982-5783-4654-AA68-2E3C1E5D8ABD}.Debug|Any CPU.Build.0 = Debug|Any CPU
		{FE6D1982-5783-4654-AA68-2E3C1E5D8ABD}.Release|Any CPU.ActiveCfg = Release|Any CPU
		{FE6D1982-5783-4654-AA68-2E3C1E5D8ABD}.Release|Any CPU.Build.0 = Release|Any CPU
	EndGlobalSection
	GlobalSection(SolutionProperties) = preSolution
		HideSolutionNode = FALSE
	EndGlobalSection
	GlobalSection(ExtensibilityGlobals) = postSolution
		SolutionGuid = {C0544E42-2E1D-492A-B4F5-82F86C9206C9}
	EndGlobalSection
EndGlobal
